# THIS IS AN AUTOGENERATED FILE. DO NOT EDIT THIS FILE DIRECTLY.
# yarn lockfile v1


align-text@^0.1.1, align-text@^0.1.3:
  version "0.1.4"
  resolved "https://registry.yarnpkg.com/align-text/-/align-text-0.1.4.tgz#0cd90a561093f35d0a99256c22b7069433fad117"
  integrity sha512-GrTZLRpmp6wIC2ztrWW9MjjTgSKccffgFagbNDOX95/dcjEcYZibYTeaOntySQLcdw1ztBoFkviiUvTMbb9MYg==
  dependencies:
    kind-of "^3.0.2"
    longest "^1.0.1"
    repeat-string "^1.5.2"

any@^1.0.0:
  version "1.0.0"
  resolved "https://registry.yarnpkg.com/any/-/any-1.0.0.tgz#0a7b348c589faf6ba708d4a2241069ea51628b5e"
  integrity sha512-eHlqaTpbeFyxHAo2H8XI566tY/m+lvRUTsFwBNtWP08qJe7bf16Oj5ab2coiuY9yTMvzFgjpWbuqQIFqH+yi+w==
  dependencies:
    for-own "^0.1.2"
    make-iterator "^0.1.0"

arr-diff@^1.1.0:
  version "1.1.0"
  resolved "https://registry.yarnpkg.com/arr-diff/-/arr-diff-1.1.0.tgz#687c32758163588fef7de7b36fabe495eb1a399a"
  integrity sha512-OQwDZUqYaQwyyhDJHThmzId8daf4/RFNLaeh3AevmSeZ5Y7ug4Ga/yKc6l6kTZOBW781rCj103ZuTh8GAsB3+Q==
  dependencies:
    arr-flatten "^1.0.1"
    array-slice "^0.2.3"

arr-flatten@^1.0.1:
  version "1.1.0"
  resolved "https://registry.yarnpkg.com/arr-flatten/-/arr-flatten-1.1.0.tgz#36048bbff4e7b47e136644316c99669ea5ae91f1"
  integrity sha512-L3hKV5R/p5o81R7O02IGnwpDmkp6E982XhtbuwSe3O4qOtMMMtodicASA1Cny2U+aCXcNpml+m4dPsvsJ3jatg==

arr-map@^2.0.0:
  version "2.0.2"
  resolved "https://registry.yarnpkg.com/arr-map/-/arr-map-2.0.2.tgz#3a77345ffc1cf35e2a91825601f9e58f2e24cac4"
  integrity sha512-tVqVTHt+Q5Xb09qRkbu+DidW1yYzz5izWS2Xm2yFm7qJnmUfz4HPzNxbHkdRJbz2lrqI7S+z17xNYdFcBBO8Hw==
  dependencies:
    make-iterator "^1.0.0"

arr-union@^3.0.0:
  version "3.1.0"
  resolved "https://registry.yarnpkg.com/arr-union/-/arr-union-3.1.0.tgz#e39b09aea9def866a8f206e288af63919bae39c4"
  integrity sha512-sKpyeERZ02v1FeCZT8lrfJq5u6goHCtpTAzPwJYe7c8SPFOboNjNg1vz2L4VTn9T4PQxEx13TbXLmYUcS6Ug7Q==

array-each@^0.1.0, array-each@^0.1.1:
  version "0.1.1"
  resolved "https://registry.yarnpkg.com/array-each/-/array-each-0.1.1.tgz#c5d52ba8225f36d728178ba7aec413acfaddd0f9"
  integrity sha512-UeLKGl1CO9AS8+y+d+sCoI4PEFcphx0fGlPiOgzlYAmofYov5fpqvqZdTEk11nXV2E6a6WtepT2gEB0RL2fnmg==

array-slice@^0.2.3:
  version "0.2.3"
  resolved "https://registry.yarnpkg.com/array-slice/-/array-slice-0.2.3.tgz#dd3cfb80ed7973a75117cdac69b0b99ec86186f5"
  integrity sha512-rlVfZW/1Ph2SNySXwR9QYkChp8EkOEiTMO5Vwx60usw04i4nWemkm9RXmQqgkQFaLHsqLuADvjp6IfgL9l2M8Q==

array-unique@^0.2.1:
  version "0.2.1"
  resolved "https://registry.yarnpkg.com/array-unique/-/array-unique-0.2.1.tgz#a1d97ccafcbc2625cc70fadceb36a50c58b01a53"
  integrity sha512-G2n5bG5fSUCpnsXz4+8FUkYsGPkNfLn9YvS66U5qbTIXI2Ynnlo4Bi42bWv+omKUCqz+ejzfClwne0alJWJPhg==

center-align@^0.1.1:
  version "0.1.3"
  resolved "https://registry.yarnpkg.com/center-align/-/center-align-0.1.3.tgz#aa0d32629b6ee972200411cbd4461c907bc2b7ad"
  integrity sha512-Baz3aNe2gd2LP2qk5U+sDk/m4oSuwSDcBfayTCTBoWpfIGO5XFxPmjILQII4NGiZjD6DoDI6kf7gKaxkf7s3VQ==
  dependencies:
    align-text "^0.1.3"
    lazy-cache "^1.0.3"

export-dirs@^0.2.4:
  version "0.2.4"
  resolved "https://registry.yarnpkg.com/export-dirs/-/export-dirs-0.2.4.tgz#2e16b9b46ebc2c07acb657ccdfbe3845393fe742"
  integrity sha512-fBQ2iiw2FPxyzsOOVpWICXUNbuSBanxYYyDy1gaF4Gpfp7UkiuPA6N57Daqf7FpFDyT3g1+L+Rz4tr4aRj9SRw==

export-files@^2.1.0:
  version "2.1.1"
  resolved "https://registry.yarnpkg.com/export-files/-/export-files-2.1.1.tgz#bbf64574053a09e4eb98e5f43501d572b2c3ce7f"
  integrity sha512-r2x1Zt0OKgdXRy0bXis3sOI8TNYmo5Fe71qXwsvpYaMvIlH5G0fWEf3AYiE2bONjePdSOojca7Jw+p9CQ6/6NQ==
  dependencies:
    lazy-cache "^1.0.3"

for-in@^0.1.4:
  version "0.1.8"
  resolved "https://registry.yarnpkg.com/for-in/-/for-in-0.1.8.tgz#d8773908e31256109952b1fdb9b3fa867d2775e1"
  integrity sha512-F0to7vbBSHP8E3l6dCjxNOLuSFAACIxFy3UehTUlG7svlXi37HHsDkyVcHo0Pq8QwrE+pXvWSVX3ZT1T9wAZ9g==

for-in@^1.0.1:
  version "1.0.2"
  resolved "https://registry.yarnpkg.com/for-in/-/for-in-1.0.2.tgz#81068d295a8142ec0ac726c6e2200c30fb6d5e80"
  integrity sha512-7EwmXrOjyL+ChxMhmG5lnW9MPt1aIeZEwKhQzoBUdTV0N3zuwWDZYVJatDvZ2OyzPUvdIAZDsCetk3coyMfcnQ==

for-own@^0.1.1, for-own@^0.1.2, for-own@^0.1.3, for-own@^0.1.4:
  version "0.1.5"
  resolved "https://registry.yarnpkg.com/for-own/-/for-own-0.1.5.tgz#5265c681a4f294dabbf17c9509b6763aa84510ce"
  integrity sha512-SKmowqGTJoPzLO1T0BBJpkfp3EMacCMOuH40hOUbrbzElVktk4DioXVM99QkLCyKoiuOmyjgcWMpVz2xjE7LZw==
  dependencies:
    for-in "^1.0.1"

has-values@^0.1.3:
  version "0.1.4"
  resolved "https://registry.yarnpkg.com/has-values/-/has-values-0.1.4.tgz#6d61de95d91dfca9b9a02089ad384bff8f62b771"
  integrity sha512-J8S0cEdWuQbqD9//tlZxiMuMNmxB8PlEwvYwuxsTmR1G5RXUePEX/SJn7aD0GMLieuZYSwNH0cQuJGwnYunXRQ==

is-buffer@^1.0.2, is-buffer@^1.1.5:
  version "1.1.6"
  resolved "https://registry.yarnpkg.com/is-buffer/-/is-buffer-1.1.6.tgz#efaa2ea9daa0d7ab2ea13a97b2b8ad51fefbe8be"
  integrity sha512-NcdALwpXkTm5Zvvbk7owOUSvVvBKDgKP5/ewfXEznmQFfs4ZRmanOeKBTjRVjka3QFoN6XJ+9F3USqfHqTaU5w==

is-extendable@^0.1.1:
  version "0.1.1"
  resolved "https://registry.yarnpkg.com/is-extendable/-/is-extendable-0.1.1.tgz#62b110e289a471418e3ec36a617d472e301dfc89"
  integrity sha512-5BMULNob1vgFX6EjQw5izWDxrecWK9AM72rugNr0TFldMOi0fj6Jk+zeKIt0xGj4cEfQIJth4w3OKWOJ4f+AFw==

is-number@^2.0.2:
  version "2.1.0"
  resolved "https://registry.yarnpkg.com/is-number/-/is-number-2.1.0.tgz#01fcbbb393463a548f2f466cce16dece49db908f"
  integrity sha512-QUzH43Gfb9+5yckcrSA0VBDwEtDUchrk4F6tfJZQuNzDJbEDB9cZNzSfXGQ1jqmdDY/kl41lUOWM9syA8z8jlg==
  dependencies:
    kind-of "^3.0.2"

is-plain-object@^2.0.1:
  version "2.0.4"
  resolved "https://registry.yarnpkg.com/is-plain-object/-/is-plain-object-2.0.4.tgz#2c163b3fafb1b606d9d17928f05c2a1c38e07677"
  integrity sha512-h5PpgXkWitc38BBMYawTYMWJHFZJVnBquFE57xFpjB8pJFiF6gZ+bU+WyI/yqXiFR5mdLsgYNaPe8uao6Uv9Og==
  dependencies:
    isobject "^3.0.1"

isobject@^1.0.0:
  version "1.0.2"
  resolved "https://registry.yarnpkg.com/isobject/-/isobject-1.0.2.tgz#f0f9b8ce92dd540fa0740882e3835a2e022ec78a"
  integrity sha512-WQQgFoML/sLgmhu9zTekYHZUJaPoa/fpVMQ8oxIuOvppzs70DxxyHZdAIjwcuuNDOVtNYsahhqtBbUvKwhRcGw==

isobject@^3.0.1:
  version "3.0.1"
  resolved "https://registry.yarnpkg.com/isobject/-/isobject-3.0.1.tgz#4e431e92b11a9731636aa1f9c8d1ccbcfdab78df"
  integrity sha512-WhB9zCku7EGTj/HQQRz5aUQEUeoQZH2bWcltRErOpymJ4boYE6wL9Tbr23krRPSZ+C5zqNSrSw+Cc7sZZ4b7vg==

kind-of@^2.0.1:
  version "2.0.1"
  resolved "https://registry.yarnpkg.com/kind-of/-/kind-of-2.0.1.tgz#018ec7a4ce7e3a86cb9141be519d24c8faa981b5"
  integrity sha512-0u8i1NZ/mg0b+W3MGGw5I7+6Eib2nx72S/QvXa0hYjEkjTknYmEYQJwGu3mLC0BrhtJjtQafTkyRUQ75Kx0LVg==
  dependencies:
    is-buffer "^1.0.2"

kind-of@^3.0.2, kind-of@^3.0.3:
  version "3.2.2"
  resolved "https://registry.yarnpkg.com/kind-of/-/kind-of-3.2.2.tgz#31ea21a734bab9bbb0f32466d893aea51e4a3c64"
  integrity sha512-NOW9QQXMoZGg/oqnVNoNTTIFEIid1627WCffUBJEdMxYApq7mNE7CpzucIPc+ZQg25Phej7IJSmX3hO+oblOtQ==
  dependencies:
    is-buffer "^1.1.5"

kind-of@^6.0.2:
  version "6.0.3"
  resolved "https://registry.yarnpkg.com/kind-of/-/kind-of-6.0.3.tgz#07c05034a6c349fa06e24fa35aa76db4580ce4dd"
  integrity sha512-dcS1ul+9tmeD95T+x28/ehLgd9mENa3LsvDTtzm3vyBEO7RPptvAD+t44WVXaUjTBRcrpFeFlC8WCruUR456hw==

lazy-cache@^1.0.3:
  version "1.0.4"
  resolved "https://registry.yarnpkg.com/lazy-cache/-/lazy-cache-1.0.4.tgz#a1d78fc3a50474cb80845d3b3b6e1da49a446e8e"
  integrity sha512-RE2g0b5VGZsOCFOCgP7omTRYFqydmZkBwl5oNnQ1lDYC57uyO9KqNnNVxT7COSHTxrRCWVcAVOcbjk+tvh/rgQ==

longest@^1.0.1:
  version "1.0.1"
  resolved "https://registry.yarnpkg.com/longest/-/longest-1.0.1.tgz#30a0b2da38f73770e8294a0d22e6625ed77d0097"
  integrity sha512-k+yt5n3l48JU4k8ftnKG6V7u32wyH2NfKzeMto9F/QRE0amxy/LayxwlvjjkZEIzqR+19IrtFO8p5kB9QaYUFg==

make-iterator@^0.1.0:
  version "0.1.1"
  resolved "https://registry.yarnpkg.com/make-iterator/-/make-iterator-0.1.1.tgz#873d27b8198a465a81483b6f5d16da4e863ecf5b"
  integrity sha512-s8tbTxYqrfcXYHAPxUecPxgBnWod7yFShdSOWiV17WRM87bBH2mzr24A4tpUDv9SqebaV6JsPApwKXnisMmMBA==
  dependencies:
    for-own "^0.1.1"

make-iterator@^0.2.0:
  version "0.2.1"
  resolved "https://registry.yarnpkg.com/make-iterator/-/make-iterator-0.2.1.tgz#a19c660132b54ae6d64f881ec14056c746dbe972"
  integrity sha512-YJMm/IuF0mj/mGPqyw6gbJ3WZCSCTd+1Y1Z1+bqZFjYNZHRXF+CQGTUxE7A65y/iAONUA42BOiJ5cEt4AZpfVg==
  dependencies:
    kind-of "^3.0.3"

make-iterator@^1.0.0:
  version "1.0.1"
  resolved "https://registry.yarnpkg.com/make-iterator/-/make-iterator-1.0.1.tgz#29b33f312aa8f547c4a5e490f56afcec99133ad6"
  integrity sha512-pxiuXh0iVEq7VM7KMIhs5gxsfxCux2URptUQaXo4iZZJxBAzTPOLE2BumO5dbfVYq/hBJFBR/a1mFDmOx5AGmw==
  dependencies:
    kind-of "^6.0.2"

object.defaults@^0.3.0:
  version "0.3.0"
  resolved "https://registry.yarnpkg.com/object.defaults/-/object.defaults-0.3.0.tgz#b1eb9cbc78c4c7bd56cac6cae3dead5a7113882a"
  integrity sha512-VOrsFahJiyB6ajWr5z0C8+mFY47WtWn2w5VFkJHjluy28fg22m2yFZDxu3EmKtf4x38GHFjvmRtPx0aQgTTmQg==
  dependencies:
    array-each "^0.1.0"
    array-slice "^0.2.3"
    for-own "^0.1.3"
    isobject "^1.0.0"

object.filter@^0.3.0:
  version "0.3.0"
  resolved "https://registry.yarnpkg.com/object.filter/-/object.filter-0.3.0.tgz#1091c69394b44f96d9d6356dd08785028ad6bff9"
  integrity sha512-f/OJtvg2H7ZykQpcCbKTSucLhz9+7pmgJzrI3gPaelCkjkg9Pd+moFN2DFDfx/IWS5f/sMeSqe3xXNnb0MV4DQ==
  dependencies:
    for-own "^0.1.2"
    make-iterator "^0.1.0"

object.omit@^2.0.0:
  version "2.0.1"
  resolved "https://registry.yarnpkg.com/object.omit/-/object.omit-2.0.1.tgz#1a9c744829f39dbb858c76ca3579ae2a54ebd1fa"
  integrity sha512-UiAM5mhmIuKLsOvrL+B0U2d1hXHF3bFYWIuH1LMpuV2EJEHG1Ntz06PgLEHjm6VFd87NpH8rastvPoyv6UW2fA==
  dependencies:
    for-own "^0.1.4"
    is-extendable "^0.1.1"

object.pick@^1.1.1:
  version "1.3.0"
  resolved "https://registry.yarnpkg.com/object.pick/-/object.pick-1.3.0.tgz#87a10ac4c1694bd2e1cbf53591a66141fb5dd747"
  integrity sha512-tqa/UMy/CCoYmj+H5qc07qvSL9dqcs/WZENZ1JbtWBlATP+iVOe778gE6MSijnyCnORzDuX6hU+LA4SZ09YjFQ==
  dependencies:
    isobject "^3.0.1"

object.reduce@^0.1.7:
  version "0.1.7"
  resolved "https://registry.yarnpkg.com/object.reduce/-/object.reduce-0.1.7.tgz#d180e84f72d218348af45352b55165246b95046d"
  integrity sha512-5PMRmWAfIbCJavx9xETLSjr0IvHHDOjhW9jnHkOmnTC0Q4d9tWM5GjBAPS+J4yLk2Q+ql/XJBBbBOp2xTzDhDg==
  dependencies:
    for-own "^0.1.3"

repeat-string@^1.5.2:
  version "1.6.1"
  resolved "https://registry.yarnpkg.com/repeat-string/-/repeat-string-1.6.1.tgz#8dcae470e1c88abc2d600fff4a776286da75e637"
  integrity sha512-PV0dzCYDNfRi1jCDbJzpW7jNNDRuCOG/jI5ctQcGKt/clZD+YcPS3yIlWuTJMmESC8aevCFmWJy5wjAFgNqN6w==

right-align@^0.1.3:
  version "0.1.3"
  resolved "https://registry.yarnpkg.com/right-align/-/right-align-0.1.3.tgz#61339b722fe6a3515689210d24e14c96148613ef"
  integrity sha512-yqINtL/G7vs2v+dFIZmFUDbnVyFUJFKd6gK22Kgo6R4jfJGFtisKyncWDDULgjfqf4ASQuIQyjJ7XZ+3aWpsAg==
  dependencies:
    align-text "^0.1.1"

striptags@^2.0.3:
  version "2.2.1"
  resolved "https://registry.yarnpkg.com/striptags/-/striptags-2.2.1.tgz#4c450b708d41b8bf39cf24c49ff234fc6aabfd32"
  integrity sha512-vZTvmFP0IYu/zn8MXV6PrLb6VKbd9WGSEnlm4D5RNXS/+zYYlHrSfJgoBw1w56D6RJCr515er3BittRGQqihLA==

utils@^0.3.1:
  version "0.3.1"
  resolved "https://registry.yarnpkg.com/utils/-/utils-0.3.1.tgz#04efaeb4290a67037a4cddfd2ff56144cc3a4581"
  integrity sha512-MQui5t13wIAkllcVSR/19WTvLxfJRKHwlLmBin3iqJ1F1kFMZtValrOwwn0Ez43bOQwCNhzJAjOoX74UkVI+Xg==
  dependencies:
    any "^1.0.0"
    arr-diff "^1.1.0"
    arr-flatten "^1.0.1"
    arr-map "^2.0.0"
    arr-union "^3.0.0"
    array-each "^0.1.1"
    array-slice "^0.2.3"
    array-unique "^0.2.1"
    center-align "^0.1.1"
    export-dirs "^0.2.4"
    export-files "^2.1.0"
    for-in "^0.1.4"
    for-own "^0.1.3"
    has-values "^0.1.3"
    is-number "^2.0.2"
    is-plain-object "^2.0.1"
    kind-of "^2.0.1"
    make-iterator "^0.2.0"
    object.defaults "^0.3.0"
    object.filter "^0.3.0"
    object.omit "^2.0.0"
    object.pick "^1.1.1"
    object.reduce "^0.1.7"
    right-align "^0.1.3"
    striptags "^2.0.3"
    word-wrap "^1.1.0"

word-wrap@^1.1.0:
  version "1.2.5"
  resolved "https://registry.yarnpkg.com/word-wrap/-/word-wrap-1.2.5.tgz#d2c45c6dd4fbce621a66f136cbe328afd0410b34"
  integrity sha512-BN22B5eaMMI9UMtjrGd5g5eCYPpCPDUy0FJXbYsaT5zYxjFOckS53SQDE3pWkVoWpHXVb3BrYcEN4Twa55B5cA==
